
Microsoft Visual Studio Solution File, Format Version 12.00
# Visual Studio Version 16
VisualStudioVersion = 16.0.30406.217
MinimumVisualStudioVersion = 10.0.40219.1
Project("{9A19103F-16F7-4668-BE54-9A1E7A4F7556}") = "HomeBudget.Domain", "HomeBudget.Domain\HomeBudget.Domain.csproj", "{E2BF3501-1E43-414B-9435-3A846AF96498}"
EndProject
Project("{9A19103F-16F7-4668-BE54-9A1E7A4F7556}") = "HomeBudget.Data", "HomeBudget.Data\HomeBudget.Data.csproj", "{C54D596B-4C3F-417E-9B51-0881415CC61A}"
EndProject
Project("{9A19103F-16F7-4668-BE54-9A1E7A4F7556}") = "HomeBudget.WebApp", "HomeBudget.WebApp\HomeBudget.WebApp.csproj", "{FEEFAA4A-E6E1-4D48-87DC-CE264A0F5C5F}"
EndProject
Project("{9A19103F-16F7-4668-BE54-9A1E7A4F7556}") = "HomeBudget.ConsoleApp", "HomeBudget.ConsoleApp\HomeBudget.ConsoleApp.csproj", "{F9F86435-2CD9-4FBF-9BB2-E5898F6762C0}"
EndProject
Global
	GlobalSection(SolutionConfigurationPlatforms) = preSolution
		Debug|Any CPU = Debug|Any CPU
		Release|Any CPU = Release|Any CPU
	EndGlobalSection
	GlobalSection(ProjectConfigurationPlatforms) = postSolution
		{E2BF3501-1E43-414B-9435-3A846AF96498}.Debug|Any CPU.ActiveCfg = Debug|Any CPU
		{E2BF3501-1E43-414B-9435-3A846AF96498}.Debug|Any CPU.Build.0 = Debug|Any CPU
		{E2BF3501-1E43-414B-9435-3A846AF96498}.Release|Any CPU.ActiveCfg = Release|Any CPU
		{E2BF3501-1E43-414B-9435-3A846AF96498}.Release|Any CPU.Build.0 = Release|Any CPU
		{C54D596B-4C3F-417E-9B51-0881415CC61A}.Debug|Any CPU.ActiveCfg = Debug|Any CPU
		{C54D596B-4C3F-417E-9B51-0881415CC61A}.Debug|Any CPU.Build.0 = Debug|Any CPU
		{C54D596B-4C3F-417E-9B51-0881415CC61A}.Release|Any CPU.ActiveCfg = Release|Any CPU
		{C54D596B-4C3F-417E-9B51-0881415CC61A}.Release|Any CPU.Build.0 = Release|Any CPU
		{FEEFAA4A-E6E1-4D48-87DC-CE264A0F5C5F}.Debug|Any CPU.ActiveCfg = Debug|Any CPU
		{FEEFAA4A-E6E1-4D48-87DC-CE264A0F5C5F}.Debug|Any CPU.Build.0 = Debug|Any CPU
		{FEEFAA4A-E6E1-4D48-87DC-CE264A0F5C5F}.Release|Any CPU.ActiveCfg = Release|Any CPU
		{FEEFAA4A-E6E1-4D48-87DC-CE264A0F5C5F}.Release|Any CPU.Build.0 = Release|Any CPU
		{F9F86435-2CD9-4FBF-9BB2-E5898F6762C0}.Debug|Any CPU.ActiveCfg = Debug|Any CPU
		{F9F86435-2CD9-4FBF-9BB2-E5898F6762C0}.Debug|Any CPU.Build.0 = Debug|Any CPU
		{F9F86435-2CD9-4FBF-9BB2-E5898F6762C0}.Release|Any CPU.ActiveCfg = Release|Any CPU
		{F9F86435-2CD9-4FBF-9BB2-E5898F6762C0}.Release|Any CPU.Build.0 = Release|Any CPU
	EndGlobalSection
	GlobalSection(SolutionProperties) = preSolution
		HideSolutionNode = FALSE
	EndGlobalSection
	GlobalSection(ExtensibilityGlobals) = postSolution
		SolutionGuid = {5DA1FAB7-EA3E-4E96-94F4-228B71EA89A2}
	EndGlobalSection
EndGlobal
